{
  "name": "timesheethero",
  "version": "1.5.2",
  "lockfileVersion": 1,
  "requires": true,
  "dependencies": {
    "@types/semver": {
      "version": "6.0.2",
      "resolved": "https://registry.npmjs.org/@types/semver/-/semver-6.0.2.tgz",
      "integrity": "sha1-XosJ8OSvUwNLHQ+5l3oneEeDYgU="
    },
    "angular": {
      "version": "1.7.9",
      "resolved": "https://registry.npmjs.org/angular/-/angular-1.7.9.tgz",
      "integrity": "sha512-5se7ZpcOtu0MBFlzGv5dsM1quQDoDeUTwZrWjGtTNA7O88cD8TEk5IEKCTDa3uECV9XnvKREVUr7du1ACiWGFQ=="
    },
    "angular-animate": {
      "version": "1.7.8",
      "resolved": "https://registry.npmjs.org/angular-animate/-/angular-animate-1.7.8.tgz",
      "integrity": "sha1-yV8jfv5+z+DmADrbXix+8OWiudQ="
    },
    "angular-aria": {
      "version": "1.7.8",
      "resolved": "https://registry.npmjs.org/angular-aria/-/angular-aria-1.7.8.tgz",
      "integrity": "sha1-OVQlDvUWtXzdPN9B/07m/P3ITOs="
    },
    "angular-material": {
      "version": "1.1.20",
      "resolved": "https://registry.npmjs.org/angular-material/-/angular-material-1.1.20.tgz",
      "integrity": "sha1-E43vSk85gv3fp3iMl3XmY/EsuoU="
    },
    "angular-messages": {
      "version": "1.7.8",
      "resolved": "https://registry.npmjs.org/angular-messages/-/angular-messages-1.7.8.tgz",
      "integrity": "sha1-dG2pyVX4Ve9s6sNLKl64sbEuang="
    },
    "argparse": {
      "version": "1.0.10",
      "resolved": "https://registry.npmjs.org/argparse/-/argparse-1.0.10.tgz",
      "integrity": "sha1-vNZ5HqWuCXJeF+WtmIE0zUCz2RE=",
      "requires": {
        "sprintf-js": "~1.0.2"
      }
    },
    "buffers": {
      "version": "0.1.1",
      "resolved": "https://registry.npmjs.org/buffers/-/buffers-0.1.1.tgz",
      "integrity": "sha1-skV5w77U1tOWru5tmorn9Ugqt7s="
    },
    "builder-util-runtime": {
      "version": "8.3.0",
      "resolved": "https://registry.npmjs.org/builder-util-runtime/-/builder-util-runtime-8.3.0.tgz",
      "integrity": "sha1-9frJE5r2+s9Coh++TTrr7Yj9oz4=",
      "requires": {
        "debug": "^4.1.1",
        "sax": "^1.2.4"
      }
    },
    "debug": {
      "version": "4.1.1",
      "resolved": "https://registry.npmjs.org/debug/-/debug-4.1.1.tgz",
      "integrity": "sha512-pYAIzeRo8J6KPEaJ0VWOh5Pzkbw/RetuzehGM7QRRX5he4fPHx2rdKMB256ehJCkX+XRQm16eZLqLNS8RSZXZw==",
      "requires": {
        "ms": "^2.1.1"
      }
    },
    "edge-asar-cs": {
      "version": "git+https://github.com/Moustachauve/edge-asar-cs.git#ae66d78d86d01f27f16b5a04e633ff597babafa4",
      "from": "git+https://github.com/Moustachauve/edge-asar-cs.git"
    },
    "edge-cs": {
      "version": "1.2.1",
      "resolved": "https://registry.npmjs.org/edge-cs/-/edge-cs-1.2.1.tgz",
      "integrity": "sha1-vRqezblO8O1AyJRYIEZ0nlcEXlo="
    },
    "electron-edge-js": {
      "version": "12.0.1",
      "resolved": "https://registry.npmjs.org/electron-edge-js/-/electron-edge-js-12.0.1.tgz",
      "integrity": "sha512-DRjjmCZixAnZEueVqc91y9oWXdsIFbMBi4pBlQYhINqcpcfniPx/Vvp2oohBCCWp98+1uMw/zArkacrbS4VPPA==",
      "requires": {
        "edge-cs": "1.2.1",
        "nan": "^2.14.0"
      }
    },
    "electron-is-dev": {
      "version": "1.1.0",
      "resolved": "https://registry.npmjs.org/electron-is-dev/-/electron-is-dev-1.1.0.tgz",
      "integrity": "sha1-sVoqYAvcSKUahX1GDgXxWxmiUiw="
    },
    "electron-log": {
      "version": "3.0.7",
      "resolved": "https://registry.npmjs.org/electron-log/-/electron-log-3.0.7.tgz",
      "integrity": "sha1-v9upSJyEsTAdYGcCj84vTLL4nX8="
    },
    "electron-updater": {
      "version": "4.1.2",
      "resolved": "https://registry.npmjs.org/electron-updater/-/electron-updater-4.1.2.tgz",
      "integrity": "sha1-RqbmLMjQx9k123r/gyB9oqIf94g=",
      "requires": {
        "@types/semver": "^6.0.1",
        "builder-util-runtime": "8.3.0",
        "fs-extra": "^8.1.0",
        "js-yaml": "^3.13.1",
        "lazy-val": "^1.0.4",
        "lodash.isequal": "^4.5.0",
        "pako": "^1.0.10",
        "semver": "^6.2.0"
      },
      "dependencies": {
        "semver": {
          "version": "6.3.0",
          "resolved": "https://registry.npmjs.org/semver/-/semver-6.3.0.tgz",
          "integrity": "sha512-b39TBaTSfV6yBrapU89p5fKekE2m/NwnDocOVruQFS1/veMgdzuPcnOM34M6CwxW8jH/lxEa5rBoDeUwu5HHTw=="
        }
      }
    },
    "electron-window-state": {
      "version": "5.0.3",
      "resolved": "https://registry.npmjs.org/electron-window-state/-/electron-window-state-5.0.3.tgz",
      "integrity": "sha1-TzbQnj+VPYev8QO/AQ9GAFYFCqg=",
      "requires": {
        "jsonfile": "^4.0.0",
        "mkdirp": "^0.5.1"
      },
      "dependencies": {
        "jsonfile": {
          "version": "4.0.0",
          "resolved": "https://registry.npmjs.org/jsonfile/-/jsonfile-4.0.0.tgz",
          "integrity": "sha1-h3Gq4HmbZAdrdmQPygWPnBDjPss=",
          "requires": {
            "graceful-fs": "^4.1.6"
          }
        }
      }
    },
    "esprima": {
      "version": "4.0.1",
      "resolved": "https://registry.npmjs.org/esprima/-/esprima-4.0.1.tgz",
      "integrity": "sha1-E7BM2z5sXRnfkatph6hpVhmwqnE="
    },
    "fs-extra": {
      "version": "8.1.0",
      "resolved": "https://registry.npmjs.org/fs-extra/-/fs-extra-8.1.0.tgz",
      "integrity": "sha1-SdQ8RaiM2Wd2aMt74bRu/bjS4cA=",
      "requires": {
        "graceful-fs": "^4.2.0",
        "jsonfile": "^4.0.0",
        "universalify": "^0.1.0"
      },
      "dependencies": {
        "graceful-fs": {
          "version": "4.2.2",
          "resolved": "https://registry.npmjs.org/graceful-fs/-/graceful-fs-4.2.2.tgz",
          "integrity": "sha512-IItsdsea19BoLC7ELy13q1iJFNmd7ofZH5+X/pJr90/nRoPEX0DJo1dHDbgtYWOhJhcCgMDTOw84RZ72q6lB+Q=="
        },
        "jsonfile": {
          "version": "4.0.0",
          "resolved": "https://registry.npmjs.org/jsonfile/-/jsonfile-4.0.0.tgz",
          "integrity": "sha1-h3Gq4HmbZAdrdmQPygWPnBDjPss=",
          "requires": {
            "graceful-fs": "^4.1.6"
          }
        }
      }
    },
    "graceful-fs": {
      "version": "4.2.2",
      "resolved": "https://registry.npmjs.org/graceful-fs/-/graceful-fs-4.2.2.tgz",
      "integrity": "sha1-bwlSYF0BQMHP2xOO0AV3W5LWewI=",
      "optional": true
    },
    "growly": {
      "version": "1.3.0",
      "resolved": "https://registry.npmjs.org/growly/-/growly-1.3.0.tgz",
      "integrity": "sha1-8QdIy+dq+WS3yWyTxrzCivEgwIE="
    },
    "is-wsl": {
      "version": "1.1.0",
      "resolved": "https://registry.npmjs.org/is-wsl/-/is-wsl-1.1.0.tgz",
      "integrity": "sha1-HxbkqiKwTRM2tmGIpmrzxgDDpm0="
    },
    "isexe": {
      "version": "2.0.0",
      "resolved": "https://registry.npmjs.org/isexe/-/isexe-2.0.0.tgz",
      "integrity": "sha1-6PvzdNxVb/iUehDcsFctYz8s+hA="
    },
    "js-yaml": {
      "version": "3.13.1",
      "resolved": "https://registry.npmjs.org/js-yaml/-/js-yaml-3.13.1.tgz",
      "integrity": "sha1-r/FRswv9+o5J4F2iLnQV6d+jeEc=",
      "requires": {
        "argparse": "^1.0.7",
        "esprima": "^4.0.0"
      }
    },
    "jsonfile": {
      "version": "5.0.0",
      "resolved": "https://registry.npmjs.org/jsonfile/-/jsonfile-5.0.0.tgz",
      "integrity": "sha1-5rcY9z2kINYSgjmW/fFKA/b/aSI=",
      "requires": {
        "graceful-fs": "^4.1.6",
        "universalify": "^0.1.2"
      }
    },
    "lazy-val": {
      "version": "1.0.4",
      "resolved": "https://registry.npmjs.org/lazy-val/-/lazy-val-1.0.4.tgz",
      "integrity": "sha1-iCY2pyRcLP5uCk47psXWihN+XGU="
    },
    "lodash.isequal": {
      "version": "4.5.0",
      "resolved": "https://registry.npmjs.org/lodash.isequal/-/lodash.isequal-4.5.0.tgz",
      "integrity": "sha1-QVxEePK8wwEgwizhDtMib30+GOA="
    },
    "md-pickers": {
      "version": "1.1.5",
      "resolved": "https://registry.npmjs.org/md-pickers/-/md-pickers-1.1.5.tgz",
      "integrity": "sha1-NQbEE9PvVo8aJe4xPDTm7ydPpLE=",
      "requires": {
        "angular": "~1.5.0 || ~1.6.0",
        "angular-material": "^1.0.4",
        "moment": "^2.19.3"
      },
      "dependencies": {
        "angular": {
          "version": "1.6.10",
          "resolved": "https://registry.npmjs.org/angular/-/angular-1.6.10.tgz",
          "integrity": "sha512-PCZ5/hVdvPQiYyH0VwsPjrErPHRcITnaXxhksceOXgtJeesKHLA7KDu4X/yvcAi+1zdGgGF+9pDxkJvghXI9Wg=="
        }
      }
    },
    "minimist": {
      "version": "0.0.8",
      "resolved": "https://registry.npmjs.org/minimist/-/minimist-0.0.8.tgz",
      "integrity": "sha1-hX/Kv8M5fSYluCKCYuhqp6ARsF0="
    },
    "mkdirp": {
      "version": "0.5.1",
      "resolved": "https://registry.npmjs.org/mkdirp/-/mkdirp-0.5.1.tgz",
      "integrity": "sha1-MAV0OOrGz3+MR2fzhkjWaX11yQM=",
      "requires": {
        "minimist": "0.0.8"
      }
    },
    "moment": {
      "version": "2.24.0",
      "resolved": "https://registry.npmjs.org/moment/-/moment-2.24.0.tgz",
      "integrity": "sha1-DQVdU/UFKqZTyfbraLtdEr9cK1s="
    },
    "ms": {
      "version": "2.1.2",
      "resolved": "https://registry.npmjs.org/ms/-/ms-2.1.2.tgz",
      "integrity": "sha512-sGkPx+VjMtmA6MX27oA4FBFELFCZZ4S4XqeGOXCv68tT+jb3vk/RyaKWP0PTKyWtmLSM0b+adUTEvbs1PEaH2w=="
    },
    "nan": {
      "version": "2.14.0",
      "resolved": "https://registry.npmjs.org/nan/-/nan-2.14.0.tgz",
      "integrity": "sha1-eBj3IgJ7JFmobwKV1DTR/CM2xSw="
    },
    "node-notifier": {
      "version": "5.4.3",
      "resolved": "https://registry.npmjs.org/node-notifier/-/node-notifier-5.4.3.tgz",
      "integrity": "sha1-y3La+UyTkECY4oucWQ/YZuRkvVA=",
      "requires": {
        "growly": "^1.3.0",
        "is-wsl": "^1.1.0",
        "semver": "^5.5.0",
        "shellwords": "^0.1.1",
        "which": "^1.3.0"
      }
    },
    "node-osascript": {
      "version": "2.1.0",
      "resolved": "https://registry.npmjs.org/node-osascript/-/node-osascript-2.1.0.tgz",
      "integrity": "sha1-IX2zSNsy1NBF5bwaOzrCVUVzSmg=",
      "requires": {
        "buffers": "^0.1.1"
      }
    },
    "osx-quartz": {
      "version": "1.0.0",
      "resolved": "https://registry.npmjs.org/osx-quartz/-/osx-quartz-1.0.0.tgz",
      "integrity": "sha1-Znt7tNbnVzI7/9WZLSkgF4NmXyw="
    },
    "pako": {
      "version": "1.0.10",
      "resolved": "https://registry.npmjs.org/pako/-/pako-1.0.10.tgz",
      "integrity": "sha1-Qyi621CGpCaqkPVBl31JVdpclzI="
    },
    "sax": {
      "version": "1.2.4",
      "resolved": "https://registry.npmjs.org/sax/-/sax-1.2.4.tgz",
      "integrity": "sha1-KBYjTiN4vdxOU1T6tcqold9xANk="
    },
    "semver": {
      "version": "5.7.1",
      "resolved": "https://registry.npmjs.org/semver/-/semver-5.7.1.tgz",
      "integrity": "sha512-sauaDf/PZdVgrLTNYHRtpXa1iRiKcaebiKQ1BJdpQlWH2lCvexQdX55snPFyK7QzpudqbCI0qXFfOasHdyNDGQ=="
    },
    "shellwords": {
      "version": "0.1.1",
      "resolved": "https://registry.npmjs.org/shellwords/-/shellwords-0.1.1.tgz",
      "integrity": "sha1-1rkYHBpI05cyTISHHvvPxz/AZUs="
    },
    "sprintf-js": {
      "version": "1.0.3",
      "resolved": "https://registry.npmjs.org/sprintf-js/-/sprintf-js-1.0.3.tgz",
      "integrity": "sha1-BOaSb2YolTVPPdAVIDYzuFcpfiw="
    },
    "universalify": {
      "version": "0.1.2",
      "resolved": "https://registry.npmjs.org/universalify/-/universalify-0.1.2.tgz",
      "integrity": "sha1-tkb2m+OULavOzJ1mOcgNwQXvqmY="
    },
    "which": {
      "version": "1.3.1",
      "resolved": "https://registry.npmjs.org/which/-/which-1.3.1.tgz",
      "integrity": "sha1-pFBD1U9YBTFtqNYvn1CRjT2nCwo=",
      "requires": {
        "isexe": "^2.0.0"
      }
    }
  }
}
